
Microsoft Visual Studio Solution File, Format Version 12.00
# Visual Studio Version 16
VisualStudioVersion = 16.0.31129.286
MinimumVisualStudioVersion = 10.0.40219.1
Project("{9A19103F-16F7-4668-BE54-9A1E7A4F7556}") = "CmdLineEz", "CmdLineEz\CmdLineEz.csproj", "{A6E7A00D-4111-46C8-9CB1-F66038C0F207}"
EndProject
Project("{9A19103F-16F7-4668-BE54-9A1E7A4F7556}") = "SampleApp", "SampleApp\SampleApp.csproj", "{D7683327-0166-4613-9353-0C349ECB6793}"
EndProject
Project("{9A19103F-16F7-4668-BE54-9A1E7A4F7556}") = "CmdLineEzTest", "CmdLineEzTest\CmdLineEzTest.csproj", "{D843BAE3-A43D-4810-B4D1-156A5E14A25F}"
EndProject
Global
	GlobalSection(SolutionConfigurationPlatforms) = preSolution
		Debug|Any CPU = Debug|Any CPU
		Release|Any CPU = Release|Any CPU
	EndGlobalSection
	GlobalSection(ProjectConfigurationPlatforms) = postSolution
		{A6E7A00D-4111-46C8-9CB1-F66038C0F207}.Debug|Any CPU.ActiveCfg = Debug|Any CPU
		{A6E7A00D-4111-46C8-9CB1-F66038C0F207}.Debug|Any CPU.Build.0 = Debug|Any CPU
		{A6E7A00D-4111-46C8-9CB1-F66038C0F207}.Release|Any CPU.ActiveCfg = Release|Any CPU
		{A6E7A00D-4111-46C8-9CB1-F66038C0F207}.Release|Any CPU.Build.0 = Release|Any CPU
		{D7683327-0166-4613-9353-0C349ECB6793}.Debug|Any CPU.ActiveCfg = Debug|Any CPU
		{D7683327-0166-4613-9353-0C349ECB6793}.Debug|Any CPU.Build.0 = Debug|Any CPU
		{D7683327-0166-4613-9353-0C349ECB6793}.Release|Any CPU.ActiveCfg = Release|Any CPU
		{D7683327-0166-4613-9353-0C349ECB6793}.Release|Any CPU.Build.0 = Release|Any CPU
		{D843BAE3-A43D-4810-B4D1-156A5E14A25F}.Debug|Any CPU.ActiveCfg = Debug|Any CPU
		{D843BAE3-A43D-4810-B4D1-156A5E14A25F}.Debug|Any CPU.Build.0 = Debug|Any CPU
		{D843BAE3-A43D-4810-B4D1-156A5E14A25F}.Release|Any CPU.ActiveCfg = Release|Any CPU
		{D843BAE3-A43D-4810-B4D1-156A5E14A25F}.Release|Any CPU.Build.0 = Release|Any CPU
	EndGlobalSection
	GlobalSection(SolutionProperties) = preSolution
		HideSolutionNode = FALSE
	EndGlobalSection
	GlobalSection(ExtensibilityGlobals) = postSolution
		SolutionGuid = {DA7375B3-E980-4084-9331-A7EF16B1264B}
	EndGlobalSection
EndGlobal
